# This file is automatically @generated by Cargo.
# It is not intended for manual editing.
version = 4

[[package]]
name = "modelica-core"
version = "0.1.0"

[[package]]
name = "modelica-gpui"
version = "0.1.0"
dependencies = [
 "modelica-core",
 "modelica-render",
]

[[package]]
name = "modelica-render"
version = "0.1.0"
dependencies = [
 "modelica-core",
]
